
Microsoft Visual Studio Solution File, Format Version 12.00
# Visual Studio 2015
Project("{FAE04EC0-301F-11D3-BF4B-00C04F79EFBC}") = "chesseract-master.CSharp", "chesseract-master.CSharp.csproj", "{6F6EFE22-940C-227A-F286-CAAEAD75762A}"
EndProject
Global
	GlobalSection(SolutionConfigurationPlatforms) = preSolution
		Debug|Any CPU = Debug|Any CPU
		Release|Any CPU = Release|Any CPU
	EndGlobalSection
	GlobalSection(ProjectConfigurationPlatforms) = postSolution
		{6F6EFE22-940C-227A-F286-CAAEAD75762A}.Debug|Any CPU.ActiveCfg = Debug|Any CPU
		{6F6EFE22-940C-227A-F286-CAAEAD75762A}.Debug|Any CPU.Build.0 = Debug|Any CPU
		{6F6EFE22-940C-227A-F286-CAAEAD75762A}.Release|Any CPU.ActiveCfg = Release|Any CPU
		{6F6EFE22-940C-227A-F286-CAAEAD75762A}.Release|Any CPU.Build.0 = Release|Any CPU
	EndGlobalSection
	GlobalSection(SolutionProperties) = preSolution
		HideSolutionNode = FALSE
	EndGlobalSection
EndGlobal
