
Microsoft Visual Studio Solution File, Format Version 12.00
# Visual Studio 2013
Project("{FAE04EC0-301F-11D3-BF4B-00C04F79EFBC}") = "chesseract.CSharp", "chesseract.CSharp.csproj", "{3A187204-0C4C-7C58-BF8D-437C38026026}"
EndProject
Global
	GlobalSection(SolutionConfigurationPlatforms) = preSolution
		Debug|Any CPU = Debug|Any CPU
		Release|Any CPU = Release|Any CPU
	EndGlobalSection
	GlobalSection(ProjectConfigurationPlatforms) = postSolution
		{3A187204-0C4C-7C58-BF8D-437C38026026}.Debug|Any CPU.ActiveCfg = Debug|Any CPU
		{3A187204-0C4C-7C58-BF8D-437C38026026}.Debug|Any CPU.Build.0 = Debug|Any CPU
		{3A187204-0C4C-7C58-BF8D-437C38026026}.Release|Any CPU.ActiveCfg = Release|Any CPU
		{3A187204-0C4C-7C58-BF8D-437C38026026}.Release|Any CPU.Build.0 = Release|Any CPU
	EndGlobalSection
	GlobalSection(SolutionProperties) = preSolution
		HideSolutionNode = FALSE
	EndGlobalSection
EndGlobal
